// !$*UTF8*$!
{
	archiveVersion = 1;
	classes = {
	};
	objectVersion = 55;
	objects = {

/* Begin PBXBuildFile section */
		AA1F75DA27E11612006377B5 /* MapboxViewController.swift in Sources */ = {isa = PBXBuildFile; fileRef = AA1F75D927E11612006377B5 /* MapboxViewController.swift */; };
		AA24255D2805D8E3006BBD25 /* accessPoints.json in Resources */ = {isa = PBXBuildFile; fileRef = AA24255C2805D8E3006BBD25 /* accessPoints.json */; };
		AA8C0E9B27E1090800D054C1 /* HeatmapMapboxApp.swift in Sources */ = {isa = PBXBuildFile; fileRef = AA8C0E9A27E1090800D054C1 /* HeatmapMapboxApp.swift */; };
		AA8C0E9D27E1090800D054C1 /* ContentView.swift in Sources */ = {isa = PBXBuildFile; fileRef = AA8C0E9C27E1090800D054C1 /* ContentView.swift */; };
		AA8C0E9F27E1090B00D054C1 /* Assets.xcassets in Resources */ = {isa = PBXBuildFile; fileRef = AA8C0E9E27E1090B00D054C1 /* Assets.xcassets */; };
		AA8C0EA227E1090B00D054C1 /* Preview Assets.xcassets in Resources */ = {isa = PBXBuildFile; fileRef = AA8C0EA127E1090B00D054C1 /* Preview Assets.xcassets */; };
		D24060ACEAAD0B0221E95739 /* Pods_HeatmapMapbox.framework in Frameworks */ = {isa = PBXBuildFile; fileRef = 5F0234EC63BEAE0E9E60346F /* Pods_HeatmapMapbox.framework */; };
/* End PBXBuildFile section */

/* Begin PBXFileReference section */
		5F0234EC63BEAE0E9E60346F /* Pods_HeatmapMapbox.framework */ = {isa = PBXFileReference; explicitFileType = wrapper.framework; includeInIndex = 0; path = Pods_HeatmapMapbox.framework; sourceTree = BUILT_PRODUCTS_DIR; };
		AA1F75D927E11612006377B5 /* MapboxViewController.swift */ = {isa = PBXFileReference; lastKnownFileType = sourcecode.swift; path = MapboxViewController.swift; sourceTree = "<group>"; };
		AA24255C2805D8E3006BBD25 /* accessPoints.json */ = {isa = PBXFileReference; fileEncoding = 4; lastKnownFileType = text.json; path = accessPoints.json; sourceTree = "<group>"; };
		AA8C0E9727E1090800D054C1 /* HeatmapMapbox.app */ = {isa = PBXFileReference; explicitFileType = wrapper.application; includeInIndex = 0; path = HeatmapMapbox.app; sourceTree = BUILT_PRODUCTS_DIR; };
		AA8C0E9A27E1090800D054C1 /* HeatmapMapboxApp.swift */ = {isa = PBXFileReference; lastKnownFileType = sourcecode.swift; path = HeatmapMapboxApp.swift; sourceTree = "<group>"; };
		AA8C0E9C27E1090800D054C1 /* ContentView.swift */ = {isa = PBXFileReference; lastKnownFileType = sourcecode.swift; path = ContentView.swift; sourceTree = "<group>"; };
		AA8C0E9E27E1090B00D054C1 /* Assets.xcassets */ = {isa = PBXFileReference; lastKnownFileType = folder.assetcatalog; path = Assets.xcassets; sourceTree = "<group>"; };
		AA8C0EA127E1090B00D054C1 /* Preview Assets.xcassets */ = {isa = PBXFileReference; lastKnownFileType = folder.assetcatalog; path = "Preview Assets.xcassets"; sourceTree = "<group>"; };
		AA8C0EA827E112C700D054C1 /* Info.plist */ = {isa = PBXFileReference; lastKnownFileType = text.plist; path = Info.plist; sourceTree = "<group>"; };
		C846F0F951421D28A672F6F9 /* Pods-HeatmapMapbox.release.xcconfig */ = {isa = PBXFileReference; includeInIndex = 1; lastKnownFileType = text.xcconfig; name = "Pods-HeatmapMapbox.release.xcconfig"; path = "Target Support Files/Pods-HeatmapMapbox/Pods-HeatmapMapbox.release.xcconfig"; sourceTree = "<group>"; };
		E2208E1AF7A6679E51C12B8F /* Pods-HeatmapMapbox.debug.xcconfig */ = {isa = PBXFileReference; includeInIndex = 1; lastKnownFileType = text.xcconfig; name = "Pods-HeatmapMapbox.debug.xcconfig"; path = "Target Support Files/Pods-HeatmapMapbox/Pods-HeatmapMapbox.debug.xcconfig"; sourceTree = "<group>"; };
/* End PBXFileReference section */

/* Begin PBXFrameworksBuildPhase section */
		AA8C0E9427E1090800D054C1 /* Frameworks */ = {
			isa = PBXFrameworksBuildPhase;
			buildActionMask = 2147483647;
			files = (
				D24060ACEAAD0B0221E95739 /* Pods_HeatmapMapbox.framework in Frameworks */,
			);
			runOnlyForDeploymentPostprocessing = 0;
		};
/* End PBXFrameworksBuildPhase section */

/* Begin PBXGroup section */
		7B1554115269C02404B70495 /* Frameworks */ = {
			isa = PBXGroup;
			children = (
				5F0234EC63BEAE0E9E60346F /* Pods_HeatmapMapbox.framework */,
			);
			name = Frameworks;
			sourceTree = "<group>";
		};
		AA8C0E8E27E1090800D054C1 = {
			isa = PBXGroup;
			children = (
				AA8C0E9927E1090800D054C1 /* HeatmapMapbox */,
				AA8C0E9827E1090800D054C1 /* Products */,
				FCC1C3F90E424ED94D8C6DA7 /* Pods */,
				7B1554115269C02404B70495 /* Frameworks */,
			);
			sourceTree = "<group>";
		};
		AA8C0E9827E1090800D054C1 /* Products */ = {
			isa = PBXGroup;
			children = (
				AA8C0E9727E1090800D054C1 /* HeatmapMapbox.app */,
			);
			name = Products;
			sourceTree = "<group>";
		};
		AA8C0E9927E1090800D054C1 /* HeatmapMapbox */ = {
			isa = PBXGroup;
			children = (
				AA24255C2805D8E3006BBD25 /* accessPoints.json */,
				AA8C0EA827E112C700D054C1 /* Info.plist */,
				AA8C0E9A27E1090800D054C1 /* HeatmapMapboxApp.swift */,
				AA8C0E9C27E1090800D054C1 /* ContentView.swift */,
				AA8C0E9E27E1090B00D054C1 /* Assets.xcassets */,
				AA8C0EA027E1090B00D054C1 /* Preview Content */,
				AA1F75D927E11612006377B5 /* MapboxViewController.swift */,
			);
			path = HeatmapMapbox;
			sourceTree = "<group>";
		};
		AA8C0EA027E1090B00D054C1 /* Preview Content */ = {
			isa = PBXGroup;
			children = (
				AA8C0EA127E1090B00D054C1 /* Preview Assets.xcassets */,
			);
			path = "Preview Content";
			sourceTree = "<group>";
		};
		FCC1C3F90E424ED94D8C6DA7 /* Pods */ = {
			isa = PBXGroup;
			children = (
				E2208E1AF7A6679E51C12B8F /* Pods-HeatmapMapbox.debug.xcconfig */,
				C846F0F951421D28A672F6F9 /* Pods-HeatmapMapbox.release.xcconfig */,
			);
			path = Pods;
			sourceTree = "<group>";
		};
/* End PBXGroup section */

/* Begin PBXNativeTarget section */
		AA8C0E9627E1090800D054C1 /* HeatmapMapbox */ = {
			isa = PBXNativeTarget;
			buildConfigurationList = AA8C0EA527E1090B00D054C1 /* Build configuration list for PBXNativeTarget "HeatmapMapbox" */;
			buildPhases = (
				5F87B076B50954BB562DB681 /* [CP] Check Pods Manifest.lock */,
				AA8C0E9327E1090800D054C1 /* Sources */,
				AA8C0E9427E1090800D054C1 /* Frameworks */,
				AA8C0E9527E1090800D054C1 /* Resources */,
				09714ED88122ADECDACCC09B /* [CP] Embed Pods Frameworks */,
			);
			buildRules = (
			);
			dependencies = (
			);
			name = HeatmapMapbox;
			productName = HeatmapMapbox;
			productReference = AA8C0E9727E1090800D054C1 /* HeatmapMapbox.app */;
			productType = "com.apple.product-type.application";
		};
/* End PBXNativeTarget section */

/* Begin PBXProject section */
		AA8C0E8F27E1090800D054C1 /* Project object */ = {
			isa = PBXProject;
			attributes = {
				BuildIndependentTargetsInParallel = 1;
				LastSwiftUpdateCheck = 1310;
				LastUpgradeCheck = 1310;
				TargetAttributes = {
					AA8C0E9627E1090800D054C1 = {
						CreatedOnToolsVersion = 13.1;
					};
				};
			};
			buildConfigurationList = AA8C0E9227E1090800D054C1 /* Build configuration list for PBXProject "HeatmapMapbox" */;
			compatibilityVersion = "Xcode 13.0";
			developmentRegion = en;
			hasScannedForEncodings = 0;
			knownRegions = (
				en,
				Base,
			);
			mainGroup = AA8C0E8E27E1090800D054C1;
			productRefGroup = AA8C0E9827E1090800D054C1 /* Products */;
			projectDirPath = "";
			projectRoot = "";
			targets = (
				AA8C0E9627E1090800D054C1 /* HeatmapMapbox */,
			);
		};
/* End PBXProject section */

/* Begin PBXResourcesBuildPhase section */
		AA8C0E9527E1090800D054C1 /* Resources */ = {
			isa = PBXResourcesBuildPhase;
			buildActionMask = 2147483647;
			files = (
				AA8C0EA227E1090B00D054C1 /* Preview Assets.xcassets in Resources */,
				AA8C0E9F27E1090B00D054C1 /* Assets.xcassets in Resources */,
				AA24255D2805D8E3006BBD25 /* accessPoints.json in Resources */,
			);
			runOnlyForDeploymentPostprocessing = 0;
		};
/* End PBXResourcesBuildPhase section */

/* Begin PBXShellScriptBuildPhase section */
		09714ED88122ADECDACCC09B /* [CP] Embed Pods Frameworks */ = {
			isa = PBXShellScriptBuildPhase;
			buildActionMask = 2147483647;
			files = (
			);
			inputFileListPaths = (
				"${PODS_ROOT}/Target Support Files/Pods-HeatmapMapbox/Pods-HeatmapMapbox-frameworks-${CONFIGURATION}-input-files.xcfilelist",
			);
			name = "[CP] Embed Pods Frameworks";
			outputFileListPaths = (
				"${PODS_ROOT}/Target Support Files/Pods-HeatmapMapbox/Pods-HeatmapMapbox-frameworks-${CONFIGURATION}-output-files.xcfilelist",
			);
			runOnlyForDeploymentPostprocessing = 0;
			shellPath = /bin/sh;
			shellScript = "\"${PODS_ROOT}/Target Support Files/Pods-HeatmapMapbox/Pods-HeatmapMapbox-frameworks.sh\"\n";
			showEnvVarsInLog = 0;
		};
		5F87B076B50954BB562DB681 /* [CP] Check Pods Manifest.lock */ = {
			isa = PBXShellScriptBuildPhase;
			buildActionMask = 2147483647;
			files = (
			);
			inputFileListPaths = (
			);
			inputPaths = (
				"${PODS_PODFILE_DIR_PATH}/Podfile.lock",
				"${PODS_ROOT}/Manifest.lock",
			);
			name = "[CP] Check Pods Manifest.lock";
			outputFileListPaths = (
			);
			outputPaths = (
				"$(DERIVED_FILE_DIR)/Pods-HeatmapMapbox-checkManifestLockResult.txt",
			);
			runOnlyForDeploymentPostprocessing = 0;
			shellPath = /bin/sh;
			shellScript = "diff \"${PODS_PODFILE_DIR_PATH}/Podfile.lock\" \"${PODS_ROOT}/Manifest.lock\" > /dev/null\nif [ $? != 0 ] ; then\n    # print error to STDERR\n    echo \"error: The sandbox is not in sync with the Podfile.lock. Run 'pod install' or update your CocoaPods installation.\" >&2\n    exit 1\nfi\n# This output is used by Xcode 'outputs' to avoid re-running this script phase.\necho \"SUCCESS\" > \"${SCRIPT_OUTPUT_FILE_0}\"\n";
			showEnvVarsInLog = 0;
		};
/* End PBXShellScriptBuildPhase section */

/* Begin PBXSourcesBuildPhase section */
		AA8C0E9327E1090800D054C1 /* Sources */ = {
			isa = PBXSourcesBuildPhase;
			buildActionMask = 2147483647;
			files = (
				AA8C0E9D27E1090800D054C1 /* ContentView.swift in Sources */,
				AA8C0E9B27E1090800D054C1 /* HeatmapMapboxApp.swift in Sources */,
				AA1F75DA27E11612006377B5 /* MapboxViewController.swift in Sources */,
			);
			runOnlyForDeploymentPostprocessing = 0;
		};
/* End PBXSourcesBuildPhase section */

/* Begin XCBuildConfiguration section */
		AA8C0EA327E1090B00D054C1 /* Debug */ = {
			isa = XCBuildConfiguration;
			buildSettings = {
				ALWAYS_SEARCH_USER_PATHS = NO;
				CLANG_ANALYZER_NONNULL = YES;
				CLANG_ANALYZER_NUMBER_OBJECT_CONVERSION = YES_AGGRESSIVE;
				CLANG_CXX_LANGUAGE_STANDARD = "gnu++17";
				CLANG_CXX_LIBRARY = "libc++";
				CLANG_ENABLE_MODULES = YES;
				CLANG_ENABLE_OBJC_ARC = YES;
				CLANG_ENABLE_OBJC_WEAK = YES;
				CLANG_WARN_BLOCK_CAPTURE_AUTORELEASING = YES;
				CLANG_WARN_BOOL_CONVERSION = YES;
				CLANG_WARN_COMMA = YES;
				CLANG_WARN_CONSTANT_CONVERSION = YES;
				CLANG_WARN_DEPRECATED_OBJC_IMPLEMENTATIONS = YES;
				CLANG_WARN_DIRECT_OBJC_ISA_USAGE = YES_ERROR;
				CLANG_WARN_DOCUMENTATION_COMMENTS = YES;
				CLANG_WARN_EMPTY_BODY = YES;
				CLANG_WARN_ENUM_CONVERSION = YES;
				CLANG_WARN_INFINITE_RECURSION = YES;
				CLANG_WARN_INT_CONVERSION = YES;
				CLANG_WARN_NON_LITERAL_NULL_CONVERSION = YES;
				CLANG_WARN_OBJC_IMPLICIT_RETAIN_SELF = YES;
				CLANG_WARN_OBJC_LITERAL_CONVERSION = YES;
				CLANG_WARN_OBJC_ROOT_CLASS = YES_ERROR;
				CLANG_WARN_QUOTED_INCLUDE_IN_FRAMEWORK_HEADER = YES;
				CLANG_WARN_RANGE_LOOP_ANALYSIS = YES;
				CLANG_WARN_STRICT_PROTOTYPES = YES;
				CLANG_WARN_SUSPICIOUS_MOVE = YES;
				CLANG_WARN_UNGUARDED_AVAILABILITY = YES_AGGRESSIVE;
				CLANG_WARN_UNREACHABLE_CODE = YES;
				CLANG_WARN__DUPLICATE_METHOD_MATCH = YES;
				COPY_PHASE_STRIP = NO;
				DEBUG_INFORMATION_FORMAT = dwarf;
				ENABLE_STRICT_OBJC_MSGSEND = YES;
				ENABLE_TESTABILITY = YES;
				GCC_C_LANGUAGE_STANDARD = gnu11;
				GCC_DYNAMIC_NO_PIC = NO;
				GCC_NO_COMMON_BLOCKS = YES;
				GCC_OPTIMIZATION_LEVEL = 0;
				GCC_PREPROCESSOR_DEFINITIONS = (
					"DEBUG=1",
					"$(inherited)",
				);
				GCC_WARN_64_TO_32_BIT_CONVERSION = YES;
				GCC_WARN_ABOUT_RETURN_TYPE = YES_ERROR;
				GCC_WARN_UNDECLARED_SELECTOR = YES;
				GCC_WARN_UNINITIALIZED_AUTOS = YES_AGGRESSIVE;
				GCC_WARN_UNUSED_FUNCTION = YES;
				GCC_WARN_UNUSED_VARIABLE = YES;
				IPHONEOS_DEPLOYMENT_TARGET = 15.0;
				MTL_ENABLE_DEBUG_INFO = INCLUDE_SOURCE;
				MTL_FAST_MATH = YES;
				ONLY_ACTIVE_ARCH = YES;
				SDKROOT = iphoneos;
				SWIFT_ACTIVE_COMPILATION_CONDITIONS = DEBUG;
				SWIFT_OPTIMIZATION_LEVEL = "-Onone";
			};
			name = Debug;
		};
		AA8C0EA427E1090B00D054C1 /* Release */ = {
			isa = XCBuildConfiguration;
			buildSettings = {
				ALWAYS_SEARCH_USER_PATHS = NO;
				CLANG_ANALYZER_NONNULL = YES;
				CLANG_ANALYZER_NUMBER_OBJECT_CONVERSION = YES_AGGRESSIVE;
				CLANG_CXX_LANGUAGE_STANDARD = "gnu++17";
				CLANG_CXX_LIBRARY = "libc++";
				CLANG_ENABLE_MODULES = YES;
				CLANG_ENABLE_OBJC_ARC = YES;
				CLANG_ENABLE_OBJC_WEAK = YES;
				CLANG_WARN_BLOCK_CAPTURE_AUTORELEASING = YES;
				CLANG_WARN_BOOL_CONVERSION = YES;
				CLANG_WARN_COMMA = YES;
				CLANG_WARN_CONSTANT_CONVERSION = YES;
				CLANG_WARN_DEPRECATED_OBJC_IMPLEMENTATIONS = YES;
				CLANG_WARN_DIRECT_OBJC_ISA_USAGE = YES_ERROR;
				CLANG_WARN_DOCUMENTATION_COMMENTS = YES;
				CLANG_WARN_EMPTY_BODY = YES;
				CLANG_WARN_ENUM_CONVERSION = YES;
				CLANG_WARN_INFINITE_RECURSION = YES;
				CLANG_WARN_INT_CONVERSION = YES;
				CLANG_WARN_NON_LITERAL_NULL_CONVERSION = YES;
				CLANG_WARN_OBJC_IMPLICIT_RETAIN_SELF = YES;
				CLANG_WARN_OBJC_LITERAL_CONVERSION = YES;
				CLANG_WARN_OBJC_ROOT_CLASS = YES_ERROR;
				CLANG_WARN_QUOTED_INCLUDE_IN_FRAMEWORK_HEADER = YES;
				CLANG_WARN_RANGE_LOOP_ANALYSIS = YES;
				CLANG_WARN_STRICT_PROTOTYPES = YES;
				CLANG_WARN_SUSPICIOUS_MOVE = YES;
				CLANG_WARN_UNGUARDED_AVAILABILITY = YES_AGGRESSIVE;
				CLANG_WARN_UNREACHABLE_CODE = YES;
				CLANG_WARN__DUPLICATE_METHOD_MATCH = YES;
				COPY_PHASE_STRIP = NO;
				DEBUG_INFORMATION_FORMAT = "dwarf-with-dsym";
				ENABLE_NS_ASSERTIONS = NO;
				ENABLE_STRICT_OBJC_MSGSEND = YES;
				GCC_C_LANGUAGE_STANDARD = gnu11;
				GCC_NO_COMMON_BLOCKS = YES;
				GCC_WARN_64_TO_32_BIT_CONVERSION = YES;
				GCC_WARN_ABOUT_RETURN_TYPE = YES_ERROR;
				GCC_WARN_UNDECLARED_SELECTOR = YES;
				GCC_WARN_UNINITIALIZED_AUTOS = YES_AGGRESSIVE;
				GCC_WARN_UNUSED_FUNCTION = YES;
				GCC_WARN_UNUSED_VARIABLE = YES;
				IPHONEOS_DEPLOYMENT_TARGET = 15.0;
				MTL_ENABLE_DEBUG_INFO = NO;
				MTL_FAST_MATH = YES;
				SDKROOT = iphoneos;
				SWIFT_COMPILATION_MODE = wholemodule;
				SWIFT_OPTIMIZATION_LEVEL = "-O";
				VALIDATE_PRODUCT = YES;
			};
			name = Release;
		};
		AA8C0EA627E1090B00D054C1 /* Debug */ = {
			isa = XCBuildConfiguration;
			baseConfigurationReference = E2208E1AF7A6679E51C12B8F /* Pods-HeatmapMapbox.debug.xcconfig */;
			buildSettings = {
				ASSETCATALOG_COMPILER_APPICON_NAME = AppIcon;
				ASSETCATALOG_COMPILER_GLOBAL_ACCENT_COLOR_NAME = AccentColor;
				CODE_SIGN_STYLE = Automatic;
				CURRENT_PROJECT_VERSION = 1;
				DEVELOPMENT_ASSET_PATHS = "\"HeatmapMapbox/Preview Content\"";
				DEVELOPMENT_TEAM = 7PLLZ436SG;
				ENABLE_PREVIEWS = YES;
				GENERATE_INFOPLIST_FILE = YES;
				INFOPLIST_FILE = HeatmapMapbox/Info.plist;
				INFOPLIST_KEY_UIApplicationSceneManifest_Generation = YES;
				INFOPLIST_KEY_UIApplicationSupportsIndirectInputEvents = YES;
				INFOPLIST_KEY_UILaunchScreen_Generation = YES;
				INFOPLIST_KEY_UISupportedInterfaceOrientations_iPad = "UIInterfaceOrientationPortrait UIInterfaceOrientationPortraitUpsideDown UIInterfaceOrientationLandscapeLeft UIInterfaceOrientationLandscapeRight";
				INFOPLIST_KEY_UISupportedInterfaceOrientations_iPhone = "UIInterfaceOrientationPortrait UIInterfaceOrientationLandscapeLeft UIInterfaceOrientationLandscapeRight";
				LD_RUNPATH_SEARCH_PATHS = (
					"$(inherited)",
					"@executable_path/Frameworks",
				);
				MARKETING_VERSION = 1.0;
				PRODUCT_BUNDLE_IDENTIFIER = com.kambervogli.HeatmapMapbox;
				PRODUCT_NAME = "$(TARGET_NAME)";
				SWIFT_EMIT_LOC_STRINGS = YES;
				SWIFT_VERSION = 5.0;
				TARGETED_DEVICE_FAMILY = "1,2";
			};
			name = Debug;
		};
		AA8C0EA727E1090B00D054C1 /* Release */ = {
			isa = XCBuildConfiguration;
			baseConfigurationReference = C846F0F951421D28A672F6F9 /* Pods-HeatmapMapbox.release.xcconfig */;
			buildSettings = {
				ASSETCATALOG_COMPILER_APPICON_NAME = AppIcon;
				ASSETCATALOG_COMPILER_GLOBAL_ACCENT_COLOR_NAME = AccentColor;
				CODE_SIGN_STYLE = Automatic;
				CURRENT_PROJECT_VERSION = 1;
				DEVELOPMENT_ASSET_PATHS = "\"HeatmapMapbox/Preview Content\"";
				DEVELOPMENT_TEAM = 7PLLZ436SG;
				ENABLE_PREVIEWS = YES;
				GENERATE_INFOPLIST_FILE = YES;
				INFOPLIST_FILE = HeatmapMapbox/Info.plist;
				INFOPLIST_KEY_UIApplicationSceneManifest_Generation = YES;
				INFOPLIST_KEY_UIApplicationSupportsIndirectInputEvents = YES;
				INFOPLIST_KEY_UILaunchScreen_Generation = YES;
				INFOPLIST_KEY_UISupportedInterfaceOrientations_iPad = "UIInterfaceOrientationPortrait UIInterfaceOrientationPortraitUpsideDown UIInterfaceOrientationLandscapeLeft UIInterfaceOrientationLandscapeRight";
				INFOPLIST_KEY_UISupportedInterfaceOrientations_iPhone = "UIInterfaceOrientationPortrait UIInterfaceOrientationLandscapeLeft UIInterfaceOrientationLandscapeRight";
				LD_RUNPATH_SEARCH_PATHS = (
					"$(inherited)",
					"@executable_path/Frameworks",
				);
				MARKETING_VERSION = 1.0;
				PRODUCT_BUNDLE_IDENTIFIER = com.kambervogli.HeatmapMapbox;
				PRODUCT_NAME = "$(TARGET_NAME)";
				SWIFT_EMIT_LOC_STRINGS = YES;
				SWIFT_VERSION = 5.0;
				TARGETED_DEVICE_FAMILY = "1,2";
			};
			name = Release;
		};
/* End XCBuildConfiguration section */

/* Begin XCConfigurationList section */
		AA8C0E9227E1090800D054C1 /* Build configuration list for PBXProject "HeatmapMapbox" */ = {
			isa = XCConfigurationList;
			buildConfigurations = (
				AA8C0EA327E1090B00D054C1 /* Debug */,
				AA8C0EA427E1090B00D054C1 /* Release */,
			);
			defaultConfigurationIsVisible = 0;
			defaultConfigurationName = Release;
		};
		AA8C0EA527E1090B00D054C1 /* Build configuration list for PBXNativeTarget "HeatmapMapbox" */ = {
			isa = XCConfigurationList;
			buildConfigurations = (
				AA8C0EA627E1090B00D054C1 /* Debug */,
				AA8C0EA727E1090B00D054C1 /* Release */,
			);
			defaultConfigurationIsVisible = 0;
			defaultConfigurationName = Release;
		};
/* End XCConfigurationList section */
	};
	rootObject = AA8C0E8F27E1090800D054C1 /* Project object */;
}
